
Microsoft Visual Studio Solution File, Format Version 12.00
# Visual Studio Version 16
VisualStudioVersion = 16.0.30114.105
MinimumVisualStudioVersion = 10.0.40219.1
Project("{9A19103F-16F7-4668-BE54-9A1E7A4F7556}") = "MathCore.EF7", "MathCore.EF7\MathCore.EF7.csproj", "{EA321F6F-594E-4DE9-9D56-0B3E68582CE2}"
EndProject
Project("{2150E333-8FDC-42A3-9474-1A3956D46DE8}") = "Tests", "Tests", "{A4533109-A883-424C-9C8D-A87CBD7D03F1}"
EndProject
Project("{9A19103F-16F7-4668-BE54-9A1E7A4F7556}") = "MathCore.EF7.Tests", "Tests\MathCore.EF7.Tests\MathCore.EF7.Tests.csproj", "{6F78EF01-14C4-4BEC-9F74-9E58A723CAE8}"
EndProject
Project("{2150E333-8FDC-42A3-9474-1A3956D46DE8}") = "_Solution items", "_Solution items", "{558BA917-5830-4AB1-8C10-D119D3EE546D}"
	ProjectSection(SolutionItems) = preProject
		Directory.Build.props = Directory.Build.props
		Directory.Build.targets = Directory.Build.targets
		Resources\icon.png = Resources\icon.png
	EndProjectSection
EndProject
Project("{9A19103F-16F7-4668-BE54-9A1E7A4F7556}") = "MathCore.EF7.Interfaces", "MathCore.EF7.Interfaces\MathCore.EF7.Interfaces.csproj", "{1D0ABC2F-8008-4F9D-82F4-72858DD02853}"
EndProject
Project("{9A19103F-16F7-4668-BE54-9A1E7A4F7556}") = "MathCore.EF7.Clients", "MathCore.EF7.Clients\MathCore.EF7.Clients.csproj", "{33689D67-712A-49B3-8C65-9974296EFC65}"
EndProject
Project("{9A19103F-16F7-4668-BE54-9A1E7A4F7556}") = "MathCore.EF7.Controllers", "MathCore.EF7.Controllers\MathCore.EF7.Controllers.csproj", "{C1A0137E-F5D0-47BF-BA46-10F2CEB0170A}"
EndProject
Project("{2150E333-8FDC-42A3-9474-1A3956D46DE8}") = "UI", "UI", "{EB29F264-6D58-4D59-B167-AC7ADEB667C2}"
EndProject
Project("{9A19103F-16F7-4668-BE54-9A1E7A4F7556}") = "MathCore.EF7.Enities", "MathCore.EF7.Enities\MathCore.EF7.Enities.csproj", "{68776ED7-7BD8-48BB-850F-A77F2E908B7C}"
EndProject
Project("{2150E333-8FDC-42A3-9474-1A3956D46DE8}") = "DAL", "DAL", "{09FC8779-1EFD-4587-B644-F8448399C28C}"
EndProject
Project("{2150E333-8FDC-42A3-9474-1A3956D46DE8}") = "Domain", "Domain", "{EB05D018-2434-403A-BFA9-F857FC2C4FDF}"
EndProject
Project("{9A19103F-16F7-4668-BE54-9A1E7A4F7556}") = "Domain", "Tests\Domain\Domain.csproj", "{D4CD2D2F-69F0-47D8-9C80-DF77C305172D}"
EndProject
Project("{9A19103F-16F7-4668-BE54-9A1E7A4F7556}") = "DAL", "Tests\DAL\DAL\DAL.csproj", "{6AEBD921-BC5A-4952-AE01-A204DADB87B4}"
EndProject
Project("{9A19103F-16F7-4668-BE54-9A1E7A4F7556}") = "DAL.SqlLite", "Tests\DAL\DAL.SqlLite\DAL.SqlLite.csproj", "{3439C7E6-0C6D-4544-8C8A-551FDCFD180A}"
EndProject
Project("{9A19103F-16F7-4668-BE54-9A1E7A4F7556}") = "DAL.SqlServer", "Tests\DAL\DAL.SqlServer\DAL.SqlServer.csproj", "{5C99D91F-7151-45EB-9765-57FAA0D88E5D}"
EndProject
Project("{9A19103F-16F7-4668-BE54-9A1E7A4F7556}") = "ApiServer", "Tests\UI\ApiServer\ApiServer.csproj", "{7EC0B2D3-FD01-4975-9B36-C02F54C55CDB}"
EndProject
Project("{9A19103F-16F7-4668-BE54-9A1E7A4F7556}") = "BlazorServerWebApp.Client", "Tests\UI\BlazorServerWebApp\Client\BlazorServerWebApp.Client.csproj", "{526742F3-1147-46B6-8A06-992E2FE1FE75}"
EndProject
Project("{9A19103F-16F7-4668-BE54-9A1E7A4F7556}") = "BlazorServerWebApp.Server", "Tests\UI\BlazorServerWebApp\Server\BlazorServerWebApp.Server.csproj", "{A0BC95F4-F12C-4C2D-A03C-C07625332A41}"
EndProject
Project("{9A19103F-16F7-4668-BE54-9A1E7A4F7556}") = "BlazorTestApp", "Tests\UI\BlazorTestApp\BlazorTestApp.csproj", "{D4B58CA5-C6B3-4506-AE22-9CA7441C3E52}"
EndProject
Global
	GlobalSection(SolutionConfigurationPlatforms) = preSolution
		Debug|Any CPU = Debug|Any CPU
		Release|Any CPU = Release|Any CPU
	EndGlobalSection
	GlobalSection(ProjectConfigurationPlatforms) = postSolution
		{EA321F6F-594E-4DE9-9D56-0B3E68582CE2}.Debug|Any CPU.ActiveCfg = Debug|Any CPU
		{EA321F6F-594E-4DE9-9D56-0B3E68582CE2}.Debug|Any CPU.Build.0 = Debug|Any CPU
		{EA321F6F-594E-4DE9-9D56-0B3E68582CE2}.Release|Any CPU.ActiveCfg = Release|Any CPU
		{EA321F6F-594E-4DE9-9D56-0B3E68582CE2}.Release|Any CPU.Build.0 = Release|Any CPU
		{6F78EF01-14C4-4BEC-9F74-9E58A723CAE8}.Debug|Any CPU.ActiveCfg = Debug|Any CPU
		{6F78EF01-14C4-4BEC-9F74-9E58A723CAE8}.Debug|Any CPU.Build.0 = Debug|Any CPU
		{6F78EF01-14C4-4BEC-9F74-9E58A723CAE8}.Release|Any CPU.ActiveCfg = Release|Any CPU
		{6F78EF01-14C4-4BEC-9F74-9E58A723CAE8}.Release|Any CPU.Build.0 = Release|Any CPU
		{1D0ABC2F-8008-4F9D-82F4-72858DD02853}.Debug|Any CPU.ActiveCfg = Debug|Any CPU
		{1D0ABC2F-8008-4F9D-82F4-72858DD02853}.Debug|Any CPU.Build.0 = Debug|Any CPU
		{1D0ABC2F-8008-4F9D-82F4-72858DD02853}.Release|Any CPU.ActiveCfg = Release|Any CPU
		{1D0ABC2F-8008-4F9D-82F4-72858DD02853}.Release|Any CPU.Build.0 = Release|Any CPU
		{33689D67-712A-49B3-8C65-9974296EFC65}.Debug|Any CPU.ActiveCfg = Debug|Any CPU
		{33689D67-712A-49B3-8C65-9974296EFC65}.Debug|Any CPU.Build.0 = Debug|Any CPU
		{33689D67-712A-49B3-8C65-9974296EFC65}.Release|Any CPU.ActiveCfg = Release|Any CPU
		{33689D67-712A-49B3-8C65-9974296EFC65}.Release|Any CPU.Build.0 = Release|Any CPU
		{C1A0137E-F5D0-47BF-BA46-10F2CEB0170A}.Debug|Any CPU.ActiveCfg = Debug|Any CPU
		{C1A0137E-F5D0-47BF-BA46-10F2CEB0170A}.Debug|Any CPU.Build.0 = Debug|Any CPU
		{C1A0137E-F5D0-47BF-BA46-10F2CEB0170A}.Release|Any CPU.ActiveCfg = Release|Any CPU
		{C1A0137E-F5D0-47BF-BA46-10F2CEB0170A}.Release|Any CPU.Build.0 = Release|Any CPU
		{68776ED7-7BD8-48BB-850F-A77F2E908B7C}.Debug|Any CPU.ActiveCfg = Debug|Any CPU
		{68776ED7-7BD8-48BB-850F-A77F2E908B7C}.Debug|Any CPU.Build.0 = Debug|Any CPU
		{68776ED7-7BD8-48BB-850F-A77F2E908B7C}.Release|Any CPU.ActiveCfg = Release|Any CPU
		{68776ED7-7BD8-48BB-850F-A77F2E908B7C}.Release|Any CPU.Build.0 = Release|Any CPU
		{D4CD2D2F-69F0-47D8-9C80-DF77C305172D}.Debug|Any CPU.ActiveCfg = Debug|Any CPU
		{D4CD2D2F-69F0-47D8-9C80-DF77C305172D}.Debug|Any CPU.Build.0 = Debug|Any CPU
		{D4CD2D2F-69F0-47D8-9C80-DF77C305172D}.Release|Any CPU.ActiveCfg = Release|Any CPU
		{D4CD2D2F-69F0-47D8-9C80-DF77C305172D}.Release|Any CPU.Build.0 = Release|Any CPU
		{6AEBD921-BC5A-4952-AE01-A204DADB87B4}.Debug|Any CPU.ActiveCfg = Debug|Any CPU
		{6AEBD921-BC5A-4952-AE01-A204DADB87B4}.Debug|Any CPU.Build.0 = Debug|Any CPU
		{6AEBD921-BC5A-4952-AE01-A204DADB87B4}.Release|Any CPU.ActiveCfg = Release|Any CPU
		{6AEBD921-BC5A-4952-AE01-A204DADB87B4}.Release|Any CPU.Build.0 = Release|Any CPU
		{3439C7E6-0C6D-4544-8C8A-551FDCFD180A}.Debug|Any CPU.ActiveCfg = Debug|Any CPU
		{3439C7E6-0C6D-4544-8C8A-551FDCFD180A}.Debug|Any CPU.Build.0 = Debug|Any CPU
		{3439C7E6-0C6D-4544-8C8A-551FDCFD180A}.Release|Any CPU.ActiveCfg = Release|Any CPU
		{3439C7E6-0C6D-4544-8C8A-551FDCFD180A}.Release|Any CPU.Build.0 = Release|Any CPU
		{5C99D91F-7151-45EB-9765-57FAA0D88E5D}.Debug|Any CPU.ActiveCfg = Debug|Any CPU
		{5C99D91F-7151-45EB-9765-57FAA0D88E5D}.Debug|Any CPU.Build.0 = Debug|Any CPU
		{5C99D91F-7151-45EB-9765-57FAA0D88E5D}.Release|Any CPU.ActiveCfg = Release|Any CPU
		{5C99D91F-7151-45EB-9765-57FAA0D88E5D}.Release|Any CPU.Build.0 = Release|Any CPU
		{7EC0B2D3-FD01-4975-9B36-C02F54C55CDB}.Debug|Any CPU.ActiveCfg = Debug|Any CPU
		{7EC0B2D3-FD01-4975-9B36-C02F54C55CDB}.Debug|Any CPU.Build.0 = Debug|Any CPU
		{7EC0B2D3-FD01-4975-9B36-C02F54C55CDB}.Release|Any CPU.ActiveCfg = Release|Any CPU
		{7EC0B2D3-FD01-4975-9B36-C02F54C55CDB}.Release|Any CPU.Build.0 = Release|Any CPU
		{526742F3-1147-46B6-8A06-992E2FE1FE75}.Debug|Any CPU.ActiveCfg = Debug|Any CPU
		{526742F3-1147-46B6-8A06-992E2FE1FE75}.Debug|Any CPU.Build.0 = Debug|Any CPU
		{526742F3-1147-46B6-8A06-992E2FE1FE75}.Release|Any CPU.ActiveCfg = Release|Any CPU
		{526742F3-1147-46B6-8A06-992E2FE1FE75}.Release|Any CPU.Build.0 = Release|Any CPU
		{A0BC95F4-F12C-4C2D-A03C-C07625332A41}.Debug|Any CPU.ActiveCfg = Debug|Any CPU
		{A0BC95F4-F12C-4C2D-A03C-C07625332A41}.Debug|Any CPU.Build.0 = Debug|Any CPU
		{A0BC95F4-F12C-4C2D-A03C-C07625332A41}.Release|Any CPU.ActiveCfg = Release|Any CPU
		{A0BC95F4-F12C-4C2D-A03C-C07625332A41}.Release|Any CPU.Build.0 = Release|Any CPU
		{D4B58CA5-C6B3-4506-AE22-9CA7441C3E52}.Debug|Any CPU.ActiveCfg = Debug|Any CPU
		{D4B58CA5-C6B3-4506-AE22-9CA7441C3E52}.Debug|Any CPU.Build.0 = Debug|Any CPU
		{D4B58CA5-C6B3-4506-AE22-9CA7441C3E52}.Release|Any CPU.ActiveCfg = Release|Any CPU
		{D4B58CA5-C6B3-4506-AE22-9CA7441C3E52}.Release|Any CPU.Build.0 = Release|Any CPU
	EndGlobalSection
	GlobalSection(SolutionProperties) = preSolution
		HideSolutionNode = FALSE
	EndGlobalSection
	GlobalSection(NestedProjects) = preSolution
		{6F78EF01-14C4-4BEC-9F74-9E58A723CAE8} = {A4533109-A883-424C-9C8D-A87CBD7D03F1}
		{EB29F264-6D58-4D59-B167-AC7ADEB667C2} = {A4533109-A883-424C-9C8D-A87CBD7D03F1}
		{09FC8779-1EFD-4587-B644-F8448399C28C} = {A4533109-A883-424C-9C8D-A87CBD7D03F1}
		{EB05D018-2434-403A-BFA9-F857FC2C4FDF} = {A4533109-A883-424C-9C8D-A87CBD7D03F1}
		{D4CD2D2F-69F0-47D8-9C80-DF77C305172D} = {EB05D018-2434-403A-BFA9-F857FC2C4FDF}
		{6AEBD921-BC5A-4952-AE01-A204DADB87B4} = {09FC8779-1EFD-4587-B644-F8448399C28C}
		{3439C7E6-0C6D-4544-8C8A-551FDCFD180A} = {09FC8779-1EFD-4587-B644-F8448399C28C}
		{5C99D91F-7151-45EB-9765-57FAA0D88E5D} = {09FC8779-1EFD-4587-B644-F8448399C28C}
		{7EC0B2D3-FD01-4975-9B36-C02F54C55CDB} = {EB29F264-6D58-4D59-B167-AC7ADEB667C2}
		{526742F3-1147-46B6-8A06-992E2FE1FE75} = {EB29F264-6D58-4D59-B167-AC7ADEB667C2}
		{A0BC95F4-F12C-4C2D-A03C-C07625332A41} = {EB29F264-6D58-4D59-B167-AC7ADEB667C2}
		{D4B58CA5-C6B3-4506-AE22-9CA7441C3E52} = {EB29F264-6D58-4D59-B167-AC7ADEB667C2}
	EndGlobalSection
	GlobalSection(ExtensibilityGlobals) = postSolution
		SolutionGuid = {342E6095-F793-4A52-B143-F7AB994127E1}
	EndGlobalSection
EndGlobal
